
Microsoft Visual Studio Solution File, Format Version 12.00
# Visual Studio Version 17
VisualStudioVersion = 17.0.31903.59
MinimumVisualStudioVersion = 10.0.40219.1
Project("{FAE04EC0-301F-11D3-BF4B-00C04F79EFBC}") = "EmployeeTimeMonitor", "EmployeeTimeMonitor\EmployeeTimeMonitor.csproj", "{80C0CF4D-4892-4A26-AA5F-D381DE24EB75}"
EndProject
Global
	GlobalSection(SolutionConfigurationPlatforms) = preSolution
		Debug|Any CPU = Debug|Any CPU
		Release|Any CPU = Release|Any CPU
	EndGlobalSection
	GlobalSection(ProjectConfigurationPlatforms) = postSolution
		{80C0CF4D-4892-4A26-AA5F-D381DE24EB75}.Debug|Any CPU.ActiveCfg = Debug|Any CPU
		{80C0CF4D-4892-4A26-AA5F-D381DE24EB75}.Debug|Any CPU.Build.0 = Debug|Any CPU
		{80C0CF4D-4892-4A26-AA5F-D381DE24EB75}.Release|Any CPU.ActiveCfg = Release|Any CPU
		{80C0CF4D-4892-4A26-AA5F-D381DE24EB75}.Release|Any CPU.Build.0 = Release|Any CPU
	EndGlobalSection
	GlobalSection(SolutionProperties) = preSolution
		HideSolutionNode = FALSE
	EndGlobalSection
	GlobalSection(ExtensibilityGlobals) = postSolution
		SolutionGuid = {6BC89CA6-4885-484A-98F1-33FF76499059}
	EndGlobalSection
EndGlobal
